
Microsoft Visual Studio Solution File, Format Version 12.00
# Visual Studio Version 17
VisualStudioVersion = 17.5.33627.172
MinimumVisualStudioVersion = 10.0.40219.1
Project("{FAE04EC0-301F-11D3-BF4B-00C04F79EFBC}") = "MedicinalPlants.EntityLayer", "MedicinalPlants.EntityLayer\MedicinalPlants.EntityLayer.csproj", "{CDED472E-844D-408E-BD2A-4AF82C8B285C}"
EndProject
Project("{FAE04EC0-301F-11D3-BF4B-00C04F79EFBC}") = "MedicinalPlants.DataAccessLayer", "MedicinalPlants.DataAccessLayer\MedicinalPlants.DataAccessLayer.csproj", "{84BD4121-1F0E-474F-A794-B3E59EB12F33}"
EndProject
Project("{FAE04EC0-301F-11D3-BF4B-00C04F79EFBC}") = "MedicinalPlants.BusinessLayer", "MedicinalPlants.BusinessLayer\MedicinalPlants.BusinessLayer.csproj", "{C85BD5F4-A04B-4175-B7BC-A5713D914127}"
EndProject
Project("{FAE04EC0-301F-11D3-BF4B-00C04F79EFBC}") = "MedicinalPlants.DtoLayer", "MedicinalPlants.DtoLayer\MedicinalPlants.DtoLayer.csproj", "{5C410807-65EC-4A60-A15C-10DE4B7A2B73}"
EndProject
Project("{FAE04EC0-301F-11D3-BF4B-00C04F79EFBC}") = "MedicinalPlants.WebUI", "MedicinalPlants.WebUI\MedicinalPlants.WebUI.csproj", "{C9BD8DF1-FBBB-41C1-9B30-256609AF40A2}"
EndProject
Project("{FAE04EC0-301F-11D3-BF4B-00C04F79EFBC}") = "MedicinalPlants.WebAPI", "MedicinalPlants.WebAPI\MedicinalPlants.WebAPI.csproj", "{D6335FC3-B196-47DF-9E7D-45F8C598B56B}"
EndProject
Global
	GlobalSection(SolutionConfigurationPlatforms) = preSolution
		Debug|Any CPU = Debug|Any CPU
		Release|Any CPU = Release|Any CPU
	EndGlobalSection
	GlobalSection(ProjectConfigurationPlatforms) = postSolution
		{CDED472E-844D-408E-BD2A-4AF82C8B285C}.Debug|Any CPU.ActiveCfg = Debug|Any CPU
		{CDED472E-844D-408E-BD2A-4AF82C8B285C}.Debug|Any CPU.Build.0 = Debug|Any CPU
		{CDED472E-844D-408E-BD2A-4AF82C8B285C}.Release|Any CPU.ActiveCfg = Release|Any CPU
		{CDED472E-844D-408E-BD2A-4AF82C8B285C}.Release|Any CPU.Build.0 = Release|Any CPU
		{84BD4121-1F0E-474F-A794-B3E59EB12F33}.Debug|Any CPU.ActiveCfg = Debug|Any CPU
		{84BD4121-1F0E-474F-A794-B3E59EB12F33}.Debug|Any CPU.Build.0 = Debug|Any CPU
		{84BD4121-1F0E-474F-A794-B3E59EB12F33}.Release|Any CPU.ActiveCfg = Release|Any CPU
		{84BD4121-1F0E-474F-A794-B3E59EB12F33}.Release|Any CPU.Build.0 = Release|Any CPU
		{C85BD5F4-A04B-4175-B7BC-A5713D914127}.Debug|Any CPU.ActiveCfg = Debug|Any CPU
		{C85BD5F4-A04B-4175-B7BC-A5713D914127}.Debug|Any CPU.Build.0 = Debug|Any CPU
		{C85BD5F4-A04B-4175-B7BC-A5713D914127}.Release|Any CPU.ActiveCfg = Release|Any CPU
		{C85BD5F4-A04B-4175-B7BC-A5713D914127}.Release|Any CPU.Build.0 = Release|Any CPU
		{5C410807-65EC-4A60-A15C-10DE4B7A2B73}.Debug|Any CPU.ActiveCfg = Debug|Any CPU
		{5C410807-65EC-4A60-A15C-10DE4B7A2B73}.Debug|Any CPU.Build.0 = Debug|Any CPU
		{5C410807-65EC-4A60-A15C-10DE4B7A2B73}.Release|Any CPU.ActiveCfg = Release|Any CPU
		{5C410807-65EC-4A60-A15C-10DE4B7A2B73}.Release|Any CPU.Build.0 = Release|Any CPU
		{C9BD8DF1-FBBB-41C1-9B30-256609AF40A2}.Debug|Any CPU.ActiveCfg = Debug|Any CPU
		{C9BD8DF1-FBBB-41C1-9B30-256609AF40A2}.Debug|Any CPU.Build.0 = Debug|Any CPU
		{C9BD8DF1-FBBB-41C1-9B30-256609AF40A2}.Release|Any CPU.ActiveCfg = Release|Any CPU
		{C9BD8DF1-FBBB-41C1-9B30-256609AF40A2}.Release|Any CPU.Build.0 = Release|Any CPU
		{D6335FC3-B196-47DF-9E7D-45F8C598B56B}.Debug|Any CPU.ActiveCfg = Debug|Any CPU
		{D6335FC3-B196-47DF-9E7D-45F8C598B56B}.Debug|Any CPU.Build.0 = Debug|Any CPU
		{D6335FC3-B196-47DF-9E7D-45F8C598B56B}.Release|Any CPU.ActiveCfg = Release|Any CPU
		{D6335FC3-B196-47DF-9E7D-45F8C598B56B}.Release|Any CPU.Build.0 = Release|Any CPU
	EndGlobalSection
	GlobalSection(SolutionProperties) = preSolution
		HideSolutionNode = FALSE
	EndGlobalSection
	GlobalSection(ExtensibilityGlobals) = postSolution
		SolutionGuid = {C3B2A649-A172-4785-B6BE-1EF67B804F94}
	EndGlobalSection
EndGlobal
